
Microsoft Visual Studio Solution File, Format Version 12.00
# Visual Studio Version 17
VisualStudioVersion = 17.3.32922.545
MinimumVisualStudioVersion = 10.0.40219.1
Project("{FAE04EC0-301F-11D3-BF4B-00C04F79EFBC}") = "MoiveHub", "MoiveHub\MoiveHub.csproj", "{B16141BC-02DD-49EE-95A6-F8E43CAFCB18}"
EndProject
Global
	GlobalSection(SolutionConfigurationPlatforms) = preSolution
		Debug|Any CPU = Debug|Any CPU
		Release|Any CPU = Release|Any CPU
	EndGlobalSection
	GlobalSection(ProjectConfigurationPlatforms) = postSolution
		{B16141BC-02DD-49EE-95A6-F8E43CAFCB18}.Debug|Any CPU.ActiveCfg = Debug|Any CPU
		{B16141BC-02DD-49EE-95A6-F8E43CAFCB18}.Debug|Any CPU.Build.0 = Debug|Any CPU
		{B16141BC-02DD-49EE-95A6-F8E43CAFCB18}.Release|Any CPU.ActiveCfg = Release|Any CPU
		{B16141BC-02DD-49EE-95A6-F8E43CAFCB18}.Release|Any CPU.Build.0 = Release|Any CPU
	EndGlobalSection
	GlobalSection(SolutionProperties) = preSolution
		HideSolutionNode = FALSE
	EndGlobalSection
	GlobalSection(ExtensibilityGlobals) = postSolution
		SolutionGuid = {04F815CD-1DC5-450D-91A6-8D1AE90FD65C}
	EndGlobalSection
EndGlobal
